
Microsoft Visual Studio Solution File, Format Version 12.00
# Visual Studio Version 17
VisualStudioVersion = 17.0.31919.166
MinimumVisualStudioVersion = 10.0.40219.1
Project("{FAE04EC0-301F-11D3-BF4B-00C04F79EFBC}") = "T0xicVirus", "T0xicVirus.csproj", "{DA0E9F05-0D1C-4612-8403-813609AEA609}"
EndProject
Global
	GlobalSection(SolutionConfigurationPlatforms) = preSolution
		Debug|Any CPU = Debug|Any CPU
		Release|Any CPU = Release|Any CPU
	EndGlobalSection
	GlobalSection(ProjectConfigurationPlatforms) = postSolution
		{DA0E9F05-0D1C-4612-8403-813609AEA609}.Debug|Any CPU.ActiveCfg = Debug|Any CPU
		{DA0E9F05-0D1C-4612-8403-813609AEA609}.Debug|Any CPU.Build.0 = Debug|Any CPU
		{DA0E9F05-0D1C-4612-8403-813609AEA609}.Release|Any CPU.ActiveCfg = Release|Any CPU
		{DA0E9F05-0D1C-4612-8403-813609AEA609}.Release|Any CPU.Build.0 = Release|Any CPU
	EndGlobalSection
	GlobalSection(SolutionProperties) = preSolution
		HideSolutionNode = FALSE
	EndGlobalSection
	GlobalSection(ExtensibilityGlobals) = postSolution
		SolutionGuid = {8783DAD2-6F45-4BFF-B0A0-55EBAFB4F8ED}
	EndGlobalSection
EndGlobal
